
Microsoft Visual Studio Solution File, Format Version 12.00
# Visual Studio Version 17
VisualStudioVersion = 17.2.32630.192
MinimumVisualStudioVersion = 10.0.40219.1
Project("{FAE04EC0-301F-11D3-BF4B-00C04F79EFBC}") = "album-collections-blackshirts", "album-collections-blackshirts\album-collections-blackshirts.csproj", "{1657D745-AACC-455A-B018-BD5AA7A11024}"
EndProject
Global
	GlobalSection(SolutionConfigurationPlatforms) = preSolution
		Debug|Any CPU = Debug|Any CPU
		Release|Any CPU = Release|Any CPU
	EndGlobalSection
	GlobalSection(ProjectConfigurationPlatforms) = postSolution
		{1657D745-AACC-455A-B018-BD5AA7A11024}.Debug|Any CPU.ActiveCfg = Debug|Any CPU
		{1657D745-AACC-455A-B018-BD5AA7A11024}.Debug|Any CPU.Build.0 = Debug|Any CPU
		{1657D745-AACC-455A-B018-BD5AA7A11024}.Release|Any CPU.ActiveCfg = Release|Any CPU
		{1657D745-AACC-455A-B018-BD5AA7A11024}.Release|Any CPU.Build.0 = Release|Any CPU
	EndGlobalSection
	GlobalSection(SolutionProperties) = preSolution
		HideSolutionNode = FALSE
	EndGlobalSection
	GlobalSection(ExtensibilityGlobals) = postSolution
		SolutionGuid = {86DE0B35-4695-4704-BF6F-4E257F613D7A}
	EndGlobalSection
EndGlobal
